{
  "name": "yk-editor",
  "version": "1.0.4",
  "lockfileVersion": 1,
  "requires": true,
  "dependencies": {
    "angular-resize-event": {
      "version": "0.4.4",
      "resolved": "https://registry.npmjs.org/angular-resize-event/-/angular-resize-event-0.4.4.tgz",
      "integrity": "sha512-BKbivWDv5SrO9XesH+sJyS5v2etdbnshUkgIFlS+X1Lo76tuFEA+l77VJYpnuTGpTfJkWrwq9YJhIt8i+xq0FQ==",
      "requires": {
        "css-element-queries": "^1.0.1"
      }
    },
    "css-element-queries": {
      "version": "1.1.1",
      "resolved": "https://registry.npmjs.org/css-element-queries/-/css-element-queries-1.1.1.tgz",
      "integrity": "sha512-/PX6Bkk77ShgbOx/mpawHdEvS3PGgy1mmMktcztDPndWdMJxcorcQiivrs+nEljqtBpvNEhAmQky9tQR6FSm8Q=="
    },
    "highlight.js": {
      "version": "9.13.1",
      "resolved": "https://registry.npmjs.org/highlight.js/-/highlight.js-9.13.1.tgz",
      "integrity": "sha512-Sc28JNQNDzaH6PORtRLMvif9RSn1mYuOoX3omVjnb0+HbpPygU2ALBI0R/wsiqCb4/fcp07Gdo8g+fhtFrQl6A=="
    },
    "lodash.toarray": {
      "version": "4.4.0",
      "resolved": "https://registry.npmjs.org/lodash.toarray/-/lodash.toarray-4.4.0.tgz",
      "integrity": "sha1-JMS/zWsvuji/0FlNsRedjptlZWE="
    },
    "marked": {
      "version": "0.5.1",
      "resolved": "https://registry.npmjs.org/marked/-/marked-0.5.1.tgz",
      "integrity": "sha512-iUkBZegCZou4AdwbKTwSW/lNDcz5OuRSl3qdcl31Ia0B2QPG0Jn+tKblh/9/eP9/6+4h27vpoh8wel/vQOV0vw=="
    },
    "monaco-editor": {
      "version": "0.14.3",
      "resolved": "https://registry.npmjs.org/monaco-editor/-/monaco-editor-0.14.3.tgz",
      "integrity": "sha512-RhaO4xXmWn/p0WrkEOXe4PoZj6xOcvDYjoAh0e1kGUrQnP1IOpc0m86Ceuaa2CLEMDINqKijBSmqhvBQnsPLHQ=="
    },
    "node-emoji": {
      "version": "1.8.1",
      "resolved": "https://registry.npmjs.org/node-emoji/-/node-emoji-1.8.1.tgz",
      "integrity": "sha512-+ktMAh1Jwas+TnGodfCfjUbJKoANqPaJFN0z0iqh41eqD8dvguNzcitVSBSVK1pidz0AqGbLKcoVuVLRVZ/aVg==",
      "requires": {
        "lodash.toarray": "^4.4.0"
      }
    }
  }
}
